
Microsoft Visual Studio Solution File, Format Version 12.00
# Visual Studio 14
VisualStudioVersion = 14.0.25123.0
MinimumVisualStudioVersion = 10.0.40219.1
Project("{DC2AB3E5-673C-4563-9D82-0A28F86079EC}") = "Sitecore.Support.92179.181738", "Sitecore.Support.92179.181738\Sitecore.Support.92179.181738.csproj", "{FB049E2E-51B5-45A3-8CEC-7796C3CFD5D9}"
EndProject
Global
	GlobalSection(SolutionConfigurationPlatforms) = preSolution
		Debug|Any CPU = Debug|Any CPU
		Release|Any CPU = Release|Any CPU
	EndGlobalSection
	GlobalSection(ProjectConfigurationPlatforms) = postSolution
		{FB049E2E-51B5-45A3-8CEC-7796C3CFD5D9}.Debug|Any CPU.ActiveCfg = Debug|Any CPU
		{FB049E2E-51B5-45A3-8CEC-7796C3CFD5D9}.Debug|Any CPU.Build.0 = Debug|Any CPU
		{FB049E2E-51B5-45A3-8CEC-7796C3CFD5D9}.Release|Any CPU.ActiveCfg = Release|Any CPU
		{FB049E2E-51B5-45A3-8CEC-7796C3CFD5D9}.Release|Any CPU.Build.0 = Release|Any CPU
	EndGlobalSection
	GlobalSection(SolutionProperties) = preSolution
		HideSolutionNode = FALSE
	EndGlobalSection
EndGlobal
